
Microsoft Visual Studio Solution File, Format Version 10.00
# Visual Studio 2008
Project("{8BC9CEB8-8B4A-11D0-8D11-00A0C91BC942}") = "wosclib", "WOscLib\WOscLib.vcproj", "{7668AB33-5829-449E-9C24-16DD351958E1}"
EndProject
Project("{8BC9CEB8-8B4A-11D0-8D11-00A0C91BC942}") = "libfidtrack", "libfidtrack\libfidtrack.vcproj", "{18C11E53-3EE4-46FC-A254-74FF234AA4A4}"
EndProject
Project("{8BC9CEB8-8B4A-11D0-8D11-00A0C91BC942}") = "libevent", "..\contrib\libevent-1.4.13-stable\WIN32-Prj\libevent.vcproj", "{B98ABFCE-24D4-4B70-94DE-EF7F1E0662F9}"
EndProject
Project("{8BC9CEB8-8B4A-11D0-8D11-00A0C91BC942}") = "PTypes_Lib", "..\contrib\ptypes-2.1.1\win32\PTypes_Lib.vcproj", "{4A435BFE-D414-4FFA-8364-672A2B7FFF01}"
EndProject
Project("{8BC9CEB8-8B4A-11D0-8D11-00A0C91BC942}") = "libjson", "libjson\libjson.vcproj", "{C2D677EC-CC6C-4BDF-87B1-ACD7B4982978}"
EndProject
Project("{8BC9CEB8-8B4A-11D0-8D11-00A0C91BC942}") = "movid", "movid\movid.vcproj", "{9E6DC113-54E2-4DF4-899F-ADC959123912}"
	ProjectSection(ProjectDependencies) = postProject
		{7668AB33-5829-449E-9C24-16DD351958E1} = {7668AB33-5829-449E-9C24-16DD351958E1}
		{18C11E53-3EE4-46FC-A254-74FF234AA4A4} = {18C11E53-3EE4-46FC-A254-74FF234AA4A4}
		{B98ABFCE-24D4-4B70-94DE-EF7F1E0662F9} = {B98ABFCE-24D4-4B70-94DE-EF7F1E0662F9}
		{C2D677EC-CC6C-4BDF-87B1-ACD7B4982978} = {C2D677EC-CC6C-4BDF-87B1-ACD7B4982978}
		{4A435BFE-D414-4FFA-8364-672A2B7FFF01} = {4A435BFE-D414-4FFA-8364-672A2B7FFF01}
	EndProjectSection
EndProject
Global
	GlobalSection(SolutionConfigurationPlatforms) = preSolution
		Debug|Win32 = Debug|Win32
		Release|Win32 = Release|Win32
	EndGlobalSection
	GlobalSection(ProjectConfigurationPlatforms) = postSolution
		{7668AB33-5829-449E-9C24-16DD351958E1}.Debug|Win32.ActiveCfg = Debug|Win32
		{7668AB33-5829-449E-9C24-16DD351958E1}.Debug|Win32.Build.0 = Debug|Win32
		{7668AB33-5829-449E-9C24-16DD351958E1}.Release|Win32.ActiveCfg = Release|Win32
		{7668AB33-5829-449E-9C24-16DD351958E1}.Release|Win32.Build.0 = Release|Win32
		{18C11E53-3EE4-46FC-A254-74FF234AA4A4}.Debug|Win32.ActiveCfg = Debug|Win32
		{18C11E53-3EE4-46FC-A254-74FF234AA4A4}.Debug|Win32.Build.0 = Debug|Win32
		{18C11E53-3EE4-46FC-A254-74FF234AA4A4}.Release|Win32.ActiveCfg = Release|Win32
		{18C11E53-3EE4-46FC-A254-74FF234AA4A4}.Release|Win32.Build.0 = Release|Win32
		{B98ABFCE-24D4-4B70-94DE-EF7F1E0662F9}.Debug|Win32.ActiveCfg = Debug|Win32
		{B98ABFCE-24D4-4B70-94DE-EF7F1E0662F9}.Debug|Win32.Build.0 = Debug|Win32
		{B98ABFCE-24D4-4B70-94DE-EF7F1E0662F9}.Release|Win32.ActiveCfg = Release|Win32
		{B98ABFCE-24D4-4B70-94DE-EF7F1E0662F9}.Release|Win32.Build.0 = Release|Win32
		{4A435BFE-D414-4FFA-8364-672A2B7FFF01}.Debug|Win32.ActiveCfg = Debug|Win32
		{4A435BFE-D414-4FFA-8364-672A2B7FFF01}.Debug|Win32.Build.0 = Debug|Win32
		{4A435BFE-D414-4FFA-8364-672A2B7FFF01}.Release|Win32.ActiveCfg = Release|Win32
		{4A435BFE-D414-4FFA-8364-672A2B7FFF01}.Release|Win32.Build.0 = Release|Win32
		{C2D677EC-CC6C-4BDF-87B1-ACD7B4982978}.Debug|Win32.ActiveCfg = Debug|Win32
		{C2D677EC-CC6C-4BDF-87B1-ACD7B4982978}.Debug|Win32.Build.0 = Debug|Win32
		{C2D677EC-CC6C-4BDF-87B1-ACD7B4982978}.Release|Win32.ActiveCfg = Release|Win32
		{C2D677EC-CC6C-4BDF-87B1-ACD7B4982978}.Release|Win32.Build.0 = Release|Win32
		{9E6DC113-54E2-4DF4-899F-ADC959123912}.Debug|Win32.ActiveCfg = Debug|Win32
		{9E6DC113-54E2-4DF4-899F-ADC959123912}.Debug|Win32.Build.0 = Debug|Win32
		{9E6DC113-54E2-4DF4-899F-ADC959123912}.Release|Win32.ActiveCfg = Release|Win32
		{9E6DC113-54E2-4DF4-899F-ADC959123912}.Release|Win32.Build.0 = Release|Win32
	EndGlobalSection
	GlobalSection(SolutionProperties) = preSolution
		HideSolutionNode = FALSE
	EndGlobalSection
EndGlobal
