<?xml version="1.0" encoding="utf-8"?>
<Project ToolsVersion="4.0" xmlns="http://schemas.microsoft.com/developer/msbuild/2003">
  <ItemGroup>
    <Filter Include="Source Files">
      <UniqueIdentifier>{4FC737F1-C7A5-4376-A066-2A32D752A2FF}</UniqueIdentifier>
      <Extensions>cpp;c;cc;cxx;def;odl;idl;hpj;bat;asm;asmx</Extensions>
    </Filter>
    <Filter Include="Header Files">
      <UniqueIdentifier>{93995380-89BD-4b04-88EB-625FBE52EBFB}</UniqueIdentifier>
      <Extensions>h;hpp;hxx;hm;inl;inc;xsd</Extensions>
    </Filter>
    <Filter Include="Resource Files">
      <UniqueIdentifier>{67DA6AB6-F800-4c08-8B7A-83BB121AAD01}</UniqueIdentifier>
      <Extensions>rc;ico;cur;bmp;dlg;rc2;rct;bin;rgs;gif;jpg;jpeg;jpe;resx;tiff;tif;png;wav;mfcribbon-ms</Extensions>
    </Filter>
  </ItemGroup>
  <ItemGroup>
    <ClInclude Include="..\..\WOscLib-00.09\config.h">
      <Filter>Header Files</Filter>
    </ClInclude>
    <ClInclude Include="..\..\WOscLib-00.09\WOscBlob.h">
      <Filter>Header Files</Filter>
    </ClInclude>
    <ClInclude Include="..\..\WOscLib-00.09\WOscBundle.h">
      <Filter>Header Files</Filter>
    </ClInclude>
    <ClInclude Include="..\..\WOscLib-00.09\WOscContainer.h">
      <Filter>Header Files</Filter>
    </ClInclude>
    <ClInclude Include="..\..\WOscLib-00.09\WOscException.h">
      <Filter>Header Files</Filter>
    </ClInclude>
    <ClInclude Include="..\..\WOscLib-00.09\WOscInfo.h">
      <Filter>Header Files</Filter>
    </ClInclude>
    <ClInclude Include="..\..\WOscLib-00.09\WOscLib.h">
      <Filter>Header Files</Filter>
    </ClInclude>
    <ClInclude Include="..\..\WOscLib-00.09\WOscMessage.h">
      <Filter>Header Files</Filter>
    </ClInclude>
    <ClInclude Include="..\..\WOscLib-00.09\WOscMethod.h">
      <Filter>Header Files</Filter>
    </ClInclude>
    <ClInclude Include="..\..\WOscLib-00.09\WOscNetReturn.h">
      <Filter>Header Files</Filter>
    </ClInclude>
    <ClInclude Include="..\..\WOscLib-00.09\WOscPacket.h">
      <Filter>Header Files</Filter>
    </ClInclude>
    <ClInclude Include="..\..\WOscLib-00.09\WOscPatternMatch.h">
      <Filter>Header Files</Filter>
    </ClInclude>
    <ClInclude Include="..\..\WOscLib-00.09\WOscPriorityQueue.h">
      <Filter>Header Files</Filter>
    </ClInclude>
    <ClInclude Include="..\..\WOscLib-00.09\WOscReceiver.h">
      <Filter>Header Files</Filter>
    </ClInclude>
    <ClInclude Include="..\..\WOscLib-00.09\WOscReceiverMethod.h">
      <Filter>Header Files</Filter>
    </ClInclude>
    <ClInclude Include="..\..\WOscLib-00.09\WOscString.h">
      <Filter>Header Files</Filter>
    </ClInclude>
    <ClInclude Include="..\..\WOscLib-00.09\WOscTimeTag.h">
      <Filter>Header Files</Filter>
    </ClInclude>
    <ClInclude Include="..\..\WOscLib-00.09\WOscUtil.h">
      <Filter>Header Files</Filter>
    </ClInclude>
  </ItemGroup>
  <ItemGroup>
    <None Include="..\..\WOscLib-00.09\lgpl.txt" />
    <None Include="..\..\WOscLib-00.09\README.txt" />
  </ItemGroup>
  <ItemGroup>
    <ClCompile Include="..\..\WOscLib-00.09\WOscBlob.cpp">
      <Filter>Source Files</Filter>
    </ClCompile>
    <ClCompile Include="..\..\WOscLib-00.09\WOscBundle.cpp">
      <Filter>Source Files</Filter>
    </ClCompile>
    <ClCompile Include="..\..\WOscLib-00.09\WOscContainer.cpp">
      <Filter>Source Files</Filter>
    </ClCompile>
    <ClCompile Include="..\..\WOscLib-00.09\WOscException.cpp">
      <Filter>Source Files</Filter>
    </ClCompile>
    <ClCompile Include="..\..\WOscLib-00.09\WOscInfo.cpp">
      <Filter>Source Files</Filter>
    </ClCompile>
    <ClCompile Include="..\..\WOscLib-00.09\WOscLib.cpp">
      <Filter>Source Files</Filter>
    </ClCompile>
    <ClCompile Include="..\..\WOscLib-00.09\WOscMessage.cpp">
      <Filter>Source Files</Filter>
    </ClCompile>
    <ClCompile Include="..\..\WOscLib-00.09\WOscMethod.cpp">
      <Filter>Source Files</Filter>
    </ClCompile>
    <ClCompile Include="..\..\WOscLib-00.09\WOscNetReturn.cpp">
      <Filter>Source Files</Filter>
    </ClCompile>
    <ClCompile Include="..\..\WOscLib-00.09\WOscPacket.cpp">
      <Filter>Source Files</Filter>
    </ClCompile>
    <ClCompile Include="..\..\WOscLib-00.09\WOscPatternMatch.cpp">
      <Filter>Source Files</Filter>
    </ClCompile>
    <ClCompile Include="..\..\WOscLib-00.09\WOscPriorityQueue.cpp">
      <Filter>Source Files</Filter>
    </ClCompile>
    <ClCompile Include="..\..\WOscLib-00.09\WOscReceiver.cpp">
      <Filter>Source Files</Filter>
    </ClCompile>
    <ClCompile Include="..\..\WOscLib-00.09\WOscReceiverMethod.cpp">
      <Filter>Source Files</Filter>
    </ClCompile>
    <ClCompile Include="..\..\WOscLib-00.09\WOscString.cpp">
      <Filter>Source Files</Filter>
    </ClCompile>
    <ClCompile Include="..\..\WOscLib-00.09\WOscTimeTag.cpp">
      <Filter>Source Files</Filter>
    </ClCompile>
    <ClCompile Include="..\..\WOscLib-00.09\WOscUtil.cpp">
      <Filter>Source Files</Filter>
    </ClCompile>
  </ItemGroup>
</Project>