// !$*UTF8*$!
{
	archiveVersion = 1;
	classes = {
	};
	objectVersion = 45;
	objects = {

/* Begin PBXFileReference section */
		0156A990112AAA8B00E6063F /* describe.cpp */ = {isa = PBXFileReference; fileEncoding = 4; lastKnownFileType = sourcecode.cpp.cpp; path = describe.cpp; sourceTree = "<group>"; };
		121ECCD81129BED600EA143B /* otParser.cpp */ = {isa = PBXFileReference; fileEncoding = 4; lastKnownFileType = sourcecode.cpp.cpp; path = otParser.cpp; sourceTree = "<group>"; };
		121ECCD91129BED600EA143B /* otParser.h */ = {isa = PBXFileReference; fileEncoding = 4; lastKnownFileType = sourcecode.c.h; path = otParser.h; sourceTree = "<group>"; };
		121ECCDA1129BED600EA143B /* tester.cpp */ = {isa = PBXFileReference; fileEncoding = 4; lastKnownFileType = sourcecode.cpp.cpp; path = tester.cpp; sourceTree = "<group>"; };
		122C5D29112788CB0033A7DE /* otDataStream.h */ = {isa = PBXFileReference; fileEncoding = 4; lastKnownFileType = sourcecode.c.h; path = otDataStream.h; sourceTree = "<group>"; };
		122C5D2A112788CB0033A7DE /* otDataStream.cpp */ = {isa = PBXFileReference; fileEncoding = 4; lastKnownFileType = sourcecode.cpp.cpp; path = otDataStream.cpp; sourceTree = "<group>"; };
		128297C4112A61DE0078B03F /* otCameraModule.cpp */ = {isa = PBXFileReference; fileEncoding = 4; lastKnownFileType = sourcecode.cpp.cpp; path = otCameraModule.cpp; sourceTree = "<group>"; };
		128297C5112A61DE0078B03F /* otCameraModule.h */ = {isa = PBXFileReference; fileEncoding = 4; lastKnownFileType = sourcecode.c.h; path = otCameraModule.h; sourceTree = "<group>"; };
		128297C6112A61DE0078B03F /* otSmoothModule.cpp */ = {isa = PBXFileReference; fileEncoding = 4; lastKnownFileType = sourcecode.cpp.cpp; path = otSmoothModule.cpp; sourceTree = "<group>"; };
		128297C7112A61DE0078B03F /* otSmoothModule.h */ = {isa = PBXFileReference; fileEncoding = 4; lastKnownFileType = sourcecode.c.h; path = otSmoothModule.h; sourceTree = "<group>"; };
		128297C8112A61DE0078B03F /* otImageDisplayModule.cpp */ = {isa = PBXFileReference; fileEncoding = 4; lastKnownFileType = sourcecode.cpp.cpp; path = otImageDisplayModule.cpp; sourceTree = "<group>"; };
		128297C9112A61DE0078B03F /* otImageDisplayModule.h */ = {isa = PBXFileReference; fileEncoding = 4; lastKnownFileType = sourcecode.c.h; path = otImageDisplayModule.h; sourceTree = "<group>"; };
		128297CD112A62090078B03F /* otModule.cpp */ = {isa = PBXFileReference; fileEncoding = 4; lastKnownFileType = sourcecode.cpp.cpp; path = otModule.cpp; sourceTree = "<group>"; };
		128297CE112A62090078B03F /* otModule.h */ = {isa = PBXFileReference; fileEncoding = 4; lastKnownFileType = sourcecode.c.h; path = otModule.h; sourceTree = "<group>"; };
		12829893112A8BAE0078B03F /* otInvertModule.h */ = {isa = PBXFileReference; fileEncoding = 4; lastKnownFileType = sourcecode.c.h; path = otInvertModule.h; sourceTree = "<group>"; };
		12829894112A8BAE0078B03F /* otInvertModule.cpp */ = {isa = PBXFileReference; fileEncoding = 4; lastKnownFileType = sourcecode.cpp.cpp; path = otInvertModule.cpp; sourceTree = "<group>"; };
		12829895112A8C620078B03F /* otImageFilterModule.h */ = {isa = PBXFileReference; fileEncoding = 4; lastKnownFileType = sourcecode.c.h; path = otImageFilterModule.h; sourceTree = "<group>"; };
		12829896112A8C620078B03F /* otImageFilterModule.cpp */ = {isa = PBXFileReference; fileEncoding = 4; lastKnownFileType = sourcecode.cpp.cpp; path = otImageFilterModule.cpp; sourceTree = "<group>"; };
		128298C9112AA57C0078B03F /* blobtracker.cpp */ = {isa = PBXFileReference; fileEncoding = 4; lastKnownFileType = sourcecode.cpp.cpp; path = blobtracker.cpp; sourceTree = "<group>"; };
		12AF438E112A5ED0001C2529 /* .gitignore */ = {isa = PBXFileReference; fileEncoding = 4; lastKnownFileType = text; name = .gitignore; path = ../.gitignore; sourceTree = "<group>"; };
		12EFF7761129D06B0027DFA2 /* otDaemon.cpp */ = {isa = PBXFileReference; fileEncoding = 4; lastKnownFileType = sourcecode.cpp.cpp; path = otDaemon.cpp; sourceTree = "<group>"; };
		12EFF7771129D06B0027DFA2 /* otDaemon.h */ = {isa = PBXFileReference; fileEncoding = 4; lastKnownFileType = sourcecode.c.h; path = otDaemon.h; sourceTree = "<group>"; };
		12EFF7781129D06B0027DFA2 /* otFactory.cpp */ = {isa = PBXFileReference; fileEncoding = 4; lastKnownFileType = sourcecode.cpp.cpp; path = otFactory.cpp; sourceTree = "<group>"; };
		12EFF7791129D06B0027DFA2 /* otFactory.h */ = {isa = PBXFileReference; fileEncoding = 4; lastKnownFileType = sourcecode.c.h; path = otFactory.h; sourceTree = "<group>"; };
		12EFF77C1129D5290027DFA2 /* otProperty.h */ = {isa = PBXFileReference; fileEncoding = 4; lastKnownFileType = sourcecode.c.h; path = otProperty.h; sourceTree = "<group>"; };
		12EFF77D1129D5290027DFA2 /* otProperty.cpp */ = {isa = PBXFileReference; fileEncoding = 4; lastKnownFileType = sourcecode.cpp.cpp; path = otProperty.cpp; sourceTree = "<group>"; };
		12EFF7AF112A23B30027DFA2 /* otLog.cpp */ = {isa = PBXFileReference; fileEncoding = 4; lastKnownFileType = sourcecode.cpp.cpp; path = otLog.cpp; sourceTree = "<group>"; };
		12EFF7B0112A23B30027DFA2 /* otLog.h */ = {isa = PBXFileReference; fileEncoding = 4; lastKnownFileType = sourcecode.c.h; path = otLog.h; sourceTree = "<group>"; };
		12EFF7B1112A23B30027DFA2 /* otPipeline.cpp */ = {isa = PBXFileReference; fileEncoding = 4; lastKnownFileType = sourcecode.cpp.cpp; path = otPipeline.cpp; sourceTree = "<group>"; };
		12EFF7B2112A23B30027DFA2 /* otPipeline.h */ = {isa = PBXFileReference; fileEncoding = 4; lastKnownFileType = sourcecode.c.h; path = otPipeline.h; sourceTree = "<group>"; };
		12F85BC811274A9900C13390 /* Makefile */ = {isa = PBXFileReference; fileEncoding = 4; lastKnownFileType = sourcecode.make; path = Makefile; sourceTree = "<group>"; };
		12F85BCD11274A9900C13390 /* tracker.cpp */ = {isa = PBXFileReference; fileEncoding = 4; lastKnownFileType = sourcecode.cpp.cpp; path = tracker.cpp; sourceTree = "<group>"; };
		12F85C1711275B8B00C13390 /* README */ = {isa = PBXFileReference; fileEncoding = 4; lastKnownFileType = text; path = README; sourceTree = "<group>"; };
		12F8EB0E112B1724003568C3 /* otBackgroundSubtractModule.h */ = {isa = PBXFileReference; fileEncoding = 4; lastKnownFileType = sourcecode.c.h; path = otBackgroundSubtractModule.h; sourceTree = "<group>"; };
		12F8EB0F112B1724003568C3 /* otBackgroundSubtractModule.cpp */ = {isa = PBXFileReference; fileEncoding = 4; lastKnownFileType = sourcecode.cpp.cpp; path = otBackgroundSubtractModule.cpp; sourceTree = "<group>"; };
		12F8EB51112B2386003568C3 /* otImageFormatModule.h */ = {isa = PBXFileReference; fileEncoding = 4; lastKnownFileType = sourcecode.c.h; path = otImageFormatModule.h; sourceTree = "<group>"; };
		12F8EB52112B2386003568C3 /* otImageFormatModule.cpp */ = {isa = PBXFileReference; fileEncoding = 4; lastKnownFileType = sourcecode.cpp.cpp; path = otImageFormatModule.cpp; sourceTree = "<group>"; };
		12F8EB73112B50B1003568C3 /* otThresholdModule.h */ = {isa = PBXFileReference; fileEncoding = 4; lastKnownFileType = sourcecode.c.h; path = otThresholdModule.h; sourceTree = "<group>"; };
		12F8EB74112B50B1003568C3 /* otThresholdModule.cpp */ = {isa = PBXFileReference; fileEncoding = 4; lastKnownFileType = sourcecode.cpp.cpp; path = otThresholdModule.cpp; sourceTree = "<group>"; };
		12F8EB7A112B55B7003568C3 /* otGrayScaleModule.h */ = {isa = PBXFileReference; fileEncoding = 4; lastKnownFileType = sourcecode.c.h; path = otGrayScaleModule.h; sourceTree = "<group>"; };
		12F8EB7B112B55B7003568C3 /* otGrayScaleModule.cpp */ = {isa = PBXFileReference; fileEncoding = 4; lastKnownFileType = sourcecode.cpp.cpp; path = otGrayScaleModule.cpp; sourceTree = "<group>"; };
		12F8EC28112BAB71003568C3 /* otAmplifyModule.h */ = {isa = PBXFileReference; fileEncoding = 4; lastKnownFileType = sourcecode.c.h; path = otAmplifyModule.h; sourceTree = "<group>"; };
		12F8EC29112BAB71003568C3 /* otAmplifyModule.cpp */ = {isa = PBXFileReference; fileEncoding = 4; lastKnownFileType = sourcecode.cpp.cpp; path = otAmplifyModule.cpp; sourceTree = "<group>"; };
/* End PBXFileReference section */

/* Begin PBXGroup section */
		08FB7794FE84155DC02AAC07 /* OpenTracker */ = {
			isa = PBXGroup;
			children = (
				12F85C1711275B8B00C13390 /* README */,
				12F85BC811274A9900C13390 /* Makefile */,
				12F85BC911274A9900C13390 /* src */,
			);
			name = OpenTracker;
			sourceTree = "<group>";
		};
		128297C3112A61DE0078B03F /* modules */ = {
			isa = PBXGroup;
			children = (
				128297C5112A61DE0078B03F /* otCameraModule.h */,
				128297C4112A61DE0078B03F /* otCameraModule.cpp */,
				128297C6112A61DE0078B03F /* otSmoothModule.cpp */,
				128297C7112A61DE0078B03F /* otSmoothModule.h */,
				128297C8112A61DE0078B03F /* otImageDisplayModule.cpp */,
				128297C9112A61DE0078B03F /* otImageDisplayModule.h */,
				12829893112A8BAE0078B03F /* otInvertModule.h */,
				12829894112A8BAE0078B03F /* otInvertModule.cpp */,
				12829895112A8C620078B03F /* otImageFilterModule.h */,
				12829896112A8C620078B03F /* otImageFilterModule.cpp */,
				12F8EB0E112B1724003568C3 /* otBackgroundSubtractModule.h */,
				12F8EB0F112B1724003568C3 /* otBackgroundSubtractModule.cpp */,
				12F8EB51112B2386003568C3 /* otImageFormatModule.h */,
				12F8EB52112B2386003568C3 /* otImageFormatModule.cpp */,
				12F8EB73112B50B1003568C3 /* otThresholdModule.h */,
				12F8EB74112B50B1003568C3 /* otThresholdModule.cpp */,
				12F8EB7A112B55B7003568C3 /* otGrayScaleModule.h */,
				12F8EB7B112B55B7003568C3 /* otGrayScaleModule.cpp */,
				12F8EC28112BAB71003568C3 /* otAmplifyModule.h */,
				12F8EC29112BAB71003568C3 /* otAmplifyModule.cpp */,
			);
			path = modules;
			sourceTree = "<group>";
		};
		12F85BC911274A9900C13390 /* src */ = {
			isa = PBXGroup;
			children = (
				0156A990112AAA8B00E6063F /* describe.cpp */,
				12F85BCD11274A9900C13390 /* tracker.cpp */,
				121ECCDA1129BED600EA143B /* tester.cpp */,
				128297C3112A61DE0078B03F /* modules */,
				128297CD112A62090078B03F /* otModule.cpp */,
				128297CE112A62090078B03F /* otModule.h */,
				12EFF7B2112A23B30027DFA2 /* otPipeline.h */,
				12EFF7AF112A23B30027DFA2 /* otLog.cpp */,
				12EFF7B0112A23B30027DFA2 /* otLog.h */,
				12EFF7B1112A23B30027DFA2 /* otPipeline.cpp */,
				12EFF7761129D06B0027DFA2 /* otDaemon.cpp */,
				12EFF7771129D06B0027DFA2 /* otDaemon.h */,
				12EFF7781129D06B0027DFA2 /* otFactory.cpp */,
				12EFF7791129D06B0027DFA2 /* otFactory.h */,
				121ECCD81129BED600EA143B /* otParser.cpp */,
				121ECCD91129BED600EA143B /* otParser.h */,
				122C5D29112788CB0033A7DE /* otDataStream.h */,
				122C5D2A112788CB0033A7DE /* otDataStream.cpp */,
				12EFF77C1129D5290027DFA2 /* otProperty.h */,
				12EFF77D1129D5290027DFA2 /* otProperty.cpp */,
				12AF438E112A5ED0001C2529 /* .gitignore */,
				128298C9112AA57C0078B03F /* blobtracker.cpp */,
			);
			path = src;
			sourceTree = "<group>";
		};
/* End PBXGroup section */

/* Begin PBXLegacyTarget section */
		D28A88AD04BDD90700651E21 /* OpenTracker */ = {
			isa = PBXLegacyTarget;
			buildArgumentsString = "$(ACTION) ";
			buildConfigurationList = 1DEB918F08733D9F0010E9CD /* Build configuration list for PBXLegacyTarget "OpenTracker" */;
			buildPhases = (
			);
			buildToolPath = /usr/bin/make;
			dependencies = (
			);
			name = OpenTracker;
			passBuildSettingsInEnvironment = 1;
			productName = OpenTracker;
		};
/* End PBXLegacyTarget section */

/* Begin PBXProject section */
		08FB7793FE84155DC02AAC07 /* Project object */ = {
			isa = PBXProject;
			buildConfigurationList = 1DEB919308733D9F0010E9CD /* Build configuration list for PBXProject "OpenTracker" */;
			compatibilityVersion = "Xcode 3.1";
			hasScannedForEncodings = 1;
			mainGroup = 08FB7794FE84155DC02AAC07 /* OpenTracker */;
			projectDirPath = "";
			projectRoot = "";
			targets = (
				D28A88AD04BDD90700651E21 /* OpenTracker */,
			);
		};
/* End PBXProject section */

/* Begin XCBuildConfiguration section */
		1DEB919008733D9F0010E9CD /* Debug */ = {
			isa = XCBuildConfiguration;
			buildSettings = {
				COPY_PHASE_STRIP = NO;
				CXX = "g++-4.0";
				DEBUGGING_SYMBOLS = YES;
				GCC_DYNAMIC_NO_PIC = NO;
				GCC_ENABLE_FIX_AND_CONTINUE = YES;
				GCC_GENERATE_DEBUGGING_SYMBOLS = YES;
				GCC_OPTIMIZATION_LEVEL = 0;
				OTHER_CFLAGS = "";
				OTHER_LDFLAGS = "";
				PATH = "${PATH}:/opt/local/bin";
				PKG_CONFIG_PATH = /usr/local/lib/pkgconfig;
				PRODUCT_NAME = OpenTracker;
			};
			name = Debug;
		};
		1DEB919108733D9F0010E9CD /* Release */ = {
			isa = XCBuildConfiguration;
			buildSettings = {
				COPY_PHASE_STRIP = YES;
				CXX = "g++-4.0";
				GCC_ENABLE_FIX_AND_CONTINUE = NO;
				OTHER_CFLAGS = "";
				OTHER_LDFLAGS = "";
				PATH = "${PATH}:/opt/local/bin";
				PKG_CONFIG_PATH = "/usr/local/lib/pkgconfig ";
				PRODUCT_NAME = OpenTracker;
			};
			name = Release;
		};
		1DEB919408733D9F0010E9CD /* Debug */ = {
			isa = XCBuildConfiguration;
			buildSettings = {
				ARCHS = "$(ARCHS_STANDARD_32_BIT)";
				GCC_WARN_ABOUT_RETURN_TYPE = YES;
				GCC_WARN_UNUSED_VARIABLE = YES;
				ONLY_ACTIVE_ARCH = YES;
				PREBINDING = NO;
				SDKROOT = macosx10.6;
			};
			name = Debug;
		};
		1DEB919508733D9F0010E9CD /* Release */ = {
			isa = XCBuildConfiguration;
			buildSettings = {
				ARCHS = "$(ARCHS_STANDARD_32_BIT)";
				GCC_WARN_ABOUT_RETURN_TYPE = YES;
				GCC_WARN_UNUSED_VARIABLE = YES;
				PREBINDING = NO;
				SDKROOT = macosx10.6;
			};
			name = Release;
		};
/* End XCBuildConfiguration section */

/* Begin XCConfigurationList section */
		1DEB918F08733D9F0010E9CD /* Build configuration list for PBXLegacyTarget "OpenTracker" */ = {
			isa = XCConfigurationList;
			buildConfigurations = (
				1DEB919008733D9F0010E9CD /* Debug */,
				1DEB919108733D9F0010E9CD /* Release */,
			);
			defaultConfigurationIsVisible = 0;
			defaultConfigurationName = Release;
		};
		1DEB919308733D9F0010E9CD /* Build configuration list for PBXProject "OpenTracker" */ = {
			isa = XCConfigurationList;
			buildConfigurations = (
				1DEB919408733D9F0010E9CD /* Debug */,
				1DEB919508733D9F0010E9CD /* Release */,
			);
			defaultConfigurationIsVisible = 0;
			defaultConfigurationName = Release;
		};
/* End XCConfigurationList section */
	};
	rootObject = 08FB7793FE84155DC02AAC07 /* Project object */;
}
